
Microsoft Visual Studio Solution File, Format Version 12.00
# Visual Studio Version 17
VisualStudioVersion = 17.14.36310.24
MinimumVisualStudioVersion = 10.0.40219.1
Project("{FAE04EC0-301F-11D3-BF4B-00C04F79EFBC}") = "Durdans-WebForms-MVP", "Durdans-WebForms-MVP.csproj", "{0E2BEF2E-C27E-4B83-B9DF-EF61ACC97F74}"
EndProject
Global
	GlobalSection(SolutionConfigurationPlatforms) = preSolution
		Debug|Any CPU = Debug|Any CPU
		Release|Any CPU = Release|Any CPU
	EndGlobalSection
	GlobalSection(ProjectConfigurationPlatforms) = postSolution
		{0E2BEF2E-C27E-4B83-B9DF-EF61ACC97F74}.Debug|Any CPU.ActiveCfg = Debug|Any CPU
		{0E2BEF2E-C27E-4B83-B9DF-EF61ACC97F74}.Debug|Any CPU.Build.0 = Debug|Any CPU
		{0E2BEF2E-C27E-4B83-B9DF-EF61ACC97F74}.Release|Any CPU.ActiveCfg = Release|Any CPU
		{0E2BEF2E-C27E-4B83-B9DF-EF61ACC97F74}.Release|Any CPU.Build.0 = Release|Any CPU
	EndGlobalSection
	GlobalSection(SolutionProperties) = preSolution
		HideSolutionNode = FALSE
	EndGlobalSection
	GlobalSection(ExtensibilityGlobals) = postSolution
		SolutionGuid = {4E195E68-D21B-46D8-867F-D111067360CE}
	EndGlobalSection
EndGlobal
